// !$*UTF8*$!
{
	archiveVersion = 1;
	classes = {
	};
	objectVersion = 50;
	objects = {

/* Begin PBXBuildFile section */
		52326ECE24F7F4AA008866E9 /* Vanguard.framework in Frameworks */ = {isa = PBXBuildFile; fileRef = 52326EC424F7F4AA008866E9 /* Vanguard.framework */; };
		52326ED324F7F4AA008866E9 /* VanguardTests.swift in Sources */ = {isa = PBXBuildFile; fileRef = 52326ED224F7F4AA008866E9 /* VanguardTests.swift */; };
		52326ED524F7F4AA008866E9 /* Vanguard.h in Headers */ = {isa = PBXBuildFile; fileRef = 52326EC724F7F4AA008866E9 /* Vanguard.h */; settings = {ATTRIBUTES = (Public, ); }; };
		52326EE224F7F4EA008866E9 /* Vanguard.swift in Sources */ = {isa = PBXBuildFile; fileRef = 52326EDE24F7F4E4008866E9 /* Vanguard.swift */; };
		52326EE324F7F4EA008866E9 /* Rule.swift in Sources */ = {isa = PBXBuildFile; fileRef = 52326EDF24F7F4E6008866E9 /* Rule.swift */; };
		52326EE524F7F4EA008866E9 /* DefaultRules.swift in Sources */ = {isa = PBXBuildFile; fileRef = 52326EE124F7F4EA008866E9 /* DefaultRules.swift */; };
		52326EE724F7F594008866E9 /* ValidationCase.swift in Sources */ = {isa = PBXBuildFile; fileRef = 52326EE624F7F594008866E9 /* ValidationCase.swift */; };
		52326EE924F7F646008866E9 /* ObservableText.swift in Sources */ = {isa = PBXBuildFile; fileRef = 52326EE824F7F646008866E9 /* ObservableText.swift */; };
		52326EEB24F7F6FC008866E9 /* VanguardTextInputTheme.swift in Sources */ = {isa = PBXBuildFile; fileRef = 52326EEA24F7F6FC008866E9 /* VanguardTextInputTheme.swift */; };
		5272AF1F250790DB00580A2C /* UITextInput+Extensions.swift in Sources */ = {isa = PBXBuildFile; fileRef = 5272AF1E250790DB00580A2C /* UITextInput+Extensions.swift */; };
		5272AF21250794E000580A2C /* GlobalDefinitions.swift in Sources */ = {isa = PBXBuildFile; fileRef = 5272AF20250794E000580A2C /* GlobalDefinitions.swift */; };
		52B72DBB364E66DF48C0AED0 /* Pods_Vanguard.framework in Frameworks */ = {isa = PBXBuildFile; fileRef = A995D474F3B60251BF71F035 /* Pods_Vanguard.framework */; };
		B7F953169488A0D96C53B740 /* Pods_Vanguard_VanguardTests.framework in Frameworks */ = {isa = PBXBuildFile; fileRef = A6B2FF996C1076A98B02245A /* Pods_Vanguard_VanguardTests.framework */; };
/* End PBXBuildFile section */

/* Begin PBXContainerItemProxy section */
		52326ECF24F7F4AA008866E9 /* PBXContainerItemProxy */ = {
			isa = PBXContainerItemProxy;
			containerPortal = 52326EBB24F7F4AA008866E9 /* Project object */;
			proxyType = 1;
			remoteGlobalIDString = 52326EC324F7F4AA008866E9;
			remoteInfo = Vanguard;
		};
/* End PBXContainerItemProxy section */

/* Begin PBXFileReference section */
		52326EC424F7F4AA008866E9 /* Vanguard.framework */ = {isa = PBXFileReference; explicitFileType = wrapper.framework; includeInIndex = 0; path = Vanguard.framework; sourceTree = BUILT_PRODUCTS_DIR; };
		52326EC724F7F4AA008866E9 /* Vanguard.h */ = {isa = PBXFileReference; lastKnownFileType = sourcecode.c.h; path = Vanguard.h; sourceTree = "<group>"; };
		52326EC824F7F4AA008866E9 /* Info.plist */ = {isa = PBXFileReference; lastKnownFileType = text.plist.xml; path = Info.plist; sourceTree = "<group>"; };
		52326ECD24F7F4AA008866E9 /* VanguardTests.xctest */ = {isa = PBXFileReference; explicitFileType = wrapper.cfbundle; includeInIndex = 0; path = VanguardTests.xctest; sourceTree = BUILT_PRODUCTS_DIR; };
		52326ED224F7F4AA008866E9 /* VanguardTests.swift */ = {isa = PBXFileReference; lastKnownFileType = sourcecode.swift; path = VanguardTests.swift; sourceTree = "<group>"; };
		52326ED424F7F4AA008866E9 /* Info.plist */ = {isa = PBXFileReference; lastKnownFileType = text.plist.xml; path = Info.plist; sourceTree = "<group>"; };
		52326EDE24F7F4E4008866E9 /* Vanguard.swift */ = {isa = PBXFileReference; fileEncoding = 4; lastKnownFileType = sourcecode.swift; path = Vanguard.swift; sourceTree = "<group>"; };
		52326EDF24F7F4E6008866E9 /* Rule.swift */ = {isa = PBXFileReference; fileEncoding = 4; lastKnownFileType = sourcecode.swift; path = Rule.swift; sourceTree = "<group>"; };
		52326EE124F7F4EA008866E9 /* DefaultRules.swift */ = {isa = PBXFileReference; fileEncoding = 4; lastKnownFileType = sourcecode.swift; path = DefaultRules.swift; sourceTree = "<group>"; };
		52326EE624F7F594008866E9 /* ValidationCase.swift */ = {isa = PBXFileReference; lastKnownFileType = sourcecode.swift; path = ValidationCase.swift; sourceTree = "<group>"; };
		52326EE824F7F646008866E9 /* ObservableText.swift */ = {isa = PBXFileReference; lastKnownFileType = sourcecode.swift; path = ObservableText.swift; sourceTree = "<group>"; };
		52326EEA24F7F6FC008866E9 /* VanguardTextInputTheme.swift */ = {isa = PBXFileReference; lastKnownFileType = sourcecode.swift; path = VanguardTextInputTheme.swift; sourceTree = "<group>"; };
		5272AF1E250790DB00580A2C /* UITextInput+Extensions.swift */ = {isa = PBXFileReference; lastKnownFileType = sourcecode.swift; path = "UITextInput+Extensions.swift"; sourceTree = "<group>"; };
		5272AF20250794E000580A2C /* GlobalDefinitions.swift */ = {isa = PBXFileReference; lastKnownFileType = sourcecode.swift; path = GlobalDefinitions.swift; sourceTree = "<group>"; };
		65279F7CFE37C1FE5C2A6E6E /* Pods-Vanguard.release.xcconfig */ = {isa = PBXFileReference; includeInIndex = 1; lastKnownFileType = text.xcconfig; name = "Pods-Vanguard.release.xcconfig"; path = "Target Support Files/Pods-Vanguard/Pods-Vanguard.release.xcconfig"; sourceTree = "<group>"; };
		8EA389FA8EEA365523F50015 /* Pods-Vanguard-VanguardTests.debug.xcconfig */ = {isa = PBXFileReference; includeInIndex = 1; lastKnownFileType = text.xcconfig; name = "Pods-Vanguard-VanguardTests.debug.xcconfig"; path = "Target Support Files/Pods-Vanguard-VanguardTests/Pods-Vanguard-VanguardTests.debug.xcconfig"; sourceTree = "<group>"; };
		A6B2FF996C1076A98B02245A /* Pods_Vanguard_VanguardTests.framework */ = {isa = PBXFileReference; explicitFileType = wrapper.framework; includeInIndex = 0; path = Pods_Vanguard_VanguardTests.framework; sourceTree = BUILT_PRODUCTS_DIR; };
		A995D474F3B60251BF71F035 /* Pods_Vanguard.framework */ = {isa = PBXFileReference; explicitFileType = wrapper.framework; includeInIndex = 0; path = Pods_Vanguard.framework; sourceTree = BUILT_PRODUCTS_DIR; };
		F0CB355F350EDC45343958BB /* Pods-Vanguard-VanguardTests.release.xcconfig */ = {isa = PBXFileReference; includeInIndex = 1; lastKnownFileType = text.xcconfig; name = "Pods-Vanguard-VanguardTests.release.xcconfig"; path = "Target Support Files/Pods-Vanguard-VanguardTests/Pods-Vanguard-VanguardTests.release.xcconfig"; sourceTree = "<group>"; };
		F96494DD6EF75D8FB29298BA /* Pods-Vanguard.debug.xcconfig */ = {isa = PBXFileReference; includeInIndex = 1; lastKnownFileType = text.xcconfig; name = "Pods-Vanguard.debug.xcconfig"; path = "Target Support Files/Pods-Vanguard/Pods-Vanguard.debug.xcconfig"; sourceTree = "<group>"; };
/* End PBXFileReference section */

/* Begin PBXFrameworksBuildPhase section */
		52326EC124F7F4AA008866E9 /* Frameworks */ = {
			isa = PBXFrameworksBuildPhase;
			buildActionMask = 2147483647;
			files = (
				52B72DBB364E66DF48C0AED0 /* Pods_Vanguard.framework in Frameworks */,
			);
			runOnlyForDeploymentPostprocessing = 0;
		};
		52326ECA24F7F4AA008866E9 /* Frameworks */ = {
			isa = PBXFrameworksBuildPhase;
			buildActionMask = 2147483647;
			files = (
				52326ECE24F7F4AA008866E9 /* Vanguard.framework in Frameworks */,
				B7F953169488A0D96C53B740 /* Pods_Vanguard_VanguardTests.framework in Frameworks */,
			);
			runOnlyForDeploymentPostprocessing = 0;
		};
/* End PBXFrameworksBuildPhase section */

/* Begin PBXGroup section */
		52326EBA24F7F4AA008866E9 = {
			isa = PBXGroup;
			children = (
				52326EC624F7F4AA008866E9 /* Vanguard */,
				52326ED124F7F4AA008866E9 /* VanguardTests */,
				52326EC524F7F4AA008866E9 /* Products */,
				FF33BF322BE77239EECAAE20 /* Pods */,
				F89E31D0B1626F93C63FB010 /* Frameworks */,
			);
			sourceTree = "<group>";
		};
		52326EC524F7F4AA008866E9 /* Products */ = {
			isa = PBXGroup;
			children = (
				52326EC424F7F4AA008866E9 /* Vanguard.framework */,
				52326ECD24F7F4AA008866E9 /* VanguardTests.xctest */,
			);
			name = Products;
			sourceTree = "<group>";
		};
		52326EC624F7F4AA008866E9 /* Vanguard */ = {
			isa = PBXGroup;
			children = (
				5272AF1D250790B600580A2C /* VanguardUtils */,
				52326EE124F7F4EA008866E9 /* DefaultRules.swift */,
				52326EDF24F7F4E6008866E9 /* Rule.swift */,
				52326EDE24F7F4E4008866E9 /* Vanguard.swift */,
				52326EC724F7F4AA008866E9 /* Vanguard.h */,
				52326EC824F7F4AA008866E9 /* Info.plist */,
				52326EE624F7F594008866E9 /* ValidationCase.swift */,
				52326EE824F7F646008866E9 /* ObservableText.swift */,
				52326EEA24F7F6FC008866E9 /* VanguardTextInputTheme.swift */,
			);
			path = Vanguard;
			sourceTree = "<group>";
		};
		52326ED124F7F4AA008866E9 /* VanguardTests */ = {
			isa = PBXGroup;
			children = (
				52326ED224F7F4AA008866E9 /* VanguardTests.swift */,
				52326ED424F7F4AA008866E9 /* Info.plist */,
			);
			path = VanguardTests;
			sourceTree = "<group>";
		};
		5272AF1D250790B600580A2C /* VanguardUtils */ = {
			isa = PBXGroup;
			children = (
				5272AF1E250790DB00580A2C /* UITextInput+Extensions.swift */,
				5272AF20250794E000580A2C /* GlobalDefinitions.swift */,
			);
			path = VanguardUtils;
			sourceTree = "<group>";
		};
		F89E31D0B1626F93C63FB010 /* Frameworks */ = {
			isa = PBXGroup;
			children = (
				A995D474F3B60251BF71F035 /* Pods_Vanguard.framework */,
				A6B2FF996C1076A98B02245A /* Pods_Vanguard_VanguardTests.framework */,
			);
			name = Frameworks;
			sourceTree = "<group>";
		};
		FF33BF322BE77239EECAAE20 /* Pods */ = {
			isa = PBXGroup;
			children = (
				F96494DD6EF75D8FB29298BA /* Pods-Vanguard.debug.xcconfig */,
				65279F7CFE37C1FE5C2A6E6E /* Pods-Vanguard.release.xcconfig */,
				8EA389FA8EEA365523F50015 /* Pods-Vanguard-VanguardTests.debug.xcconfig */,
				F0CB355F350EDC45343958BB /* Pods-Vanguard-VanguardTests.release.xcconfig */,
			);
			name = Pods;
			path = Pods;
			sourceTree = "<group>";
		};
/* End PBXGroup section */

/* Begin PBXHeadersBuildPhase section */
		52326EBF24F7F4AA008866E9 /* Headers */ = {
			isa = PBXHeadersBuildPhase;
			buildActionMask = 2147483647;
			files = (
				52326ED524F7F4AA008866E9 /* Vanguard.h in Headers */,
			);
			runOnlyForDeploymentPostprocessing = 0;
		};
/* End PBXHeadersBuildPhase section */

/* Begin PBXNativeTarget section */
		52326EC324F7F4AA008866E9 /* Vanguard */ = {
			isa = PBXNativeTarget;
			buildConfigurationList = 52326ED824F7F4AA008866E9 /* Build configuration list for PBXNativeTarget "Vanguard" */;
			buildPhases = (
				EF7CB5EE98E756E2A4B871A4 /* [CP] Check Pods Manifest.lock */,
				52326EBF24F7F4AA008866E9 /* Headers */,
				52326EC024F7F4AA008866E9 /* Sources */,
				52326EC124F7F4AA008866E9 /* Frameworks */,
				52326EC224F7F4AA008866E9 /* Resources */,
			);
			buildRules = (
			);
			dependencies = (
			);
			name = Vanguard;
			productName = Vanguard;
			productReference = 52326EC424F7F4AA008866E9 /* Vanguard.framework */;
			productType = "com.apple.product-type.framework";
		};
		52326ECC24F7F4AA008866E9 /* VanguardTests */ = {
			isa = PBXNativeTarget;
			buildConfigurationList = 52326EDB24F7F4AA008866E9 /* Build configuration list for PBXNativeTarget "VanguardTests" */;
			buildPhases = (
				D5FBEA9B3881EC4051DDB7FB /* [CP] Check Pods Manifest.lock */,
				52326EC924F7F4AA008866E9 /* Sources */,
				52326ECA24F7F4AA008866E9 /* Frameworks */,
				52326ECB24F7F4AA008866E9 /* Resources */,
			);
			buildRules = (
			);
			dependencies = (
				52326ED024F7F4AA008866E9 /* PBXTargetDependency */,
			);
			name = VanguardTests;
			productName = VanguardTests;
			productReference = 52326ECD24F7F4AA008866E9 /* VanguardTests.xctest */;
			productType = "com.apple.product-type.bundle.unit-test";
		};
/* End PBXNativeTarget section */

/* Begin PBXProject section */
		52326EBB24F7F4AA008866E9 /* Project object */ = {
			isa = PBXProject;
			attributes = {
				LastSwiftUpdateCheck = 1150;
				LastUpgradeCheck = 1150;
				ORGANIZATIONNAME = Baianat;
				TargetAttributes = {
					52326EC324F7F4AA008866E9 = {
						CreatedOnToolsVersion = 11.5;
						LastSwiftMigration = 1150;
					};
					52326ECC24F7F4AA008866E9 = {
						CreatedOnToolsVersion = 11.5;
					};
				};
			};
			buildConfigurationList = 52326EBE24F7F4AA008866E9 /* Build configuration list for PBXProject "Vanguard" */;
			compatibilityVersion = "Xcode 9.3";
			developmentRegion = en;
			hasScannedForEncodings = 0;
			knownRegions = (
				en,
				Base,
			);
			mainGroup = 52326EBA24F7F4AA008866E9;
			productRefGroup = 52326EC524F7F4AA008866E9 /* Products */;
			projectDirPath = "";
			projectRoot = "";
			targets = (
				52326EC324F7F4AA008866E9 /* Vanguard */,
				52326ECC24F7F4AA008866E9 /* VanguardTests */,
			);
		};
/* End PBXProject section */

/* Begin PBXResourcesBuildPhase section */
		52326EC224F7F4AA008866E9 /* Resources */ = {
			isa = PBXResourcesBuildPhase;
			buildActionMask = 2147483647;
			files = (
			);
			runOnlyForDeploymentPostprocessing = 0;
		};
		52326ECB24F7F4AA008866E9 /* Resources */ = {
			isa = PBXResourcesBuildPhase;
			buildActionMask = 2147483647;
			files = (
			);
			runOnlyForDeploymentPostprocessing = 0;
		};
/* End PBXResourcesBuildPhase section */

/* Begin PBXShellScriptBuildPhase section */
		D5FBEA9B3881EC4051DDB7FB /* [CP] Check Pods Manifest.lock */ = {
			isa = PBXShellScriptBuildPhase;
			buildActionMask = 2147483647;
			files = (
			);
			inputFileListPaths = (
			);
			inputPaths = (
				"${PODS_PODFILE_DIR_PATH}/Podfile.lock",
				"${PODS_ROOT}/Manifest.lock",
			);
			name = "[CP] Check Pods Manifest.lock";
			outputFileListPaths = (
			);
			outputPaths = (
				"$(DERIVED_FILE_DIR)/Pods-Vanguard-VanguardTests-checkManifestLockResult.txt",
			);
			runOnlyForDeploymentPostprocessing = 0;
			shellPath = /bin/sh;
			shellScript = "diff \"${PODS_PODFILE_DIR_PATH}/Podfile.lock\" \"${PODS_ROOT}/Manifest.lock\" > /dev/null\nif [ $? != 0 ] ; then\n    # print error to STDERR\n    echo \"error: The sandbox is not in sync with the Podfile.lock. Run 'pod install' or update your CocoaPods installation.\" >&2\n    exit 1\nfi\n# This output is used by Xcode 'outputs' to avoid re-running this script phase.\necho \"SUCCESS\" > \"${SCRIPT_OUTPUT_FILE_0}\"\n";
			showEnvVarsInLog = 0;
		};
		EF7CB5EE98E756E2A4B871A4 /* [CP] Check Pods Manifest.lock */ = {
			isa = PBXShellScriptBuildPhase;
			buildActionMask = 2147483647;
			files = (
			);
			inputFileListPaths = (
			);
			inputPaths = (
				"${PODS_PODFILE_DIR_PATH}/Podfile.lock",
				"${PODS_ROOT}/Manifest.lock",
			);
			name = "[CP] Check Pods Manifest.lock";
			outputFileListPaths = (
			);
			outputPaths = (
				"$(DERIVED_FILE_DIR)/Pods-Vanguard-checkManifestLockResult.txt",
			);
			runOnlyForDeploymentPostprocessing = 0;
			shellPath = /bin/sh;
			shellScript = "diff \"${PODS_PODFILE_DIR_PATH}/Podfile.lock\" \"${PODS_ROOT}/Manifest.lock\" > /dev/null\nif [ $? != 0 ] ; then\n    # print error to STDERR\n    echo \"error: The sandbox is not in sync with the Podfile.lock. Run 'pod install' or update your CocoaPods installation.\" >&2\n    exit 1\nfi\n# This output is used by Xcode 'outputs' to avoid re-running this script phase.\necho \"SUCCESS\" > \"${SCRIPT_OUTPUT_FILE_0}\"\n";
			showEnvVarsInLog = 0;
		};
/* End PBXShellScriptBuildPhase section */

/* Begin PBXSourcesBuildPhase section */
		52326EC024F7F4AA008866E9 /* Sources */ = {
			isa = PBXSourcesBuildPhase;
			buildActionMask = 2147483647;
			files = (
				52326EE724F7F594008866E9 /* ValidationCase.swift in Sources */,
				52326EE524F7F4EA008866E9 /* DefaultRules.swift in Sources */,
				52326EE224F7F4EA008866E9 /* Vanguard.swift in Sources */,
				52326EEB24F7F6FC008866E9 /* VanguardTextInputTheme.swift in Sources */,
				5272AF1F250790DB00580A2C /* UITextInput+Extensions.swift in Sources */,
				52326EE324F7F4EA008866E9 /* Rule.swift in Sources */,
				5272AF21250794E000580A2C /* GlobalDefinitions.swift in Sources */,
				52326EE924F7F646008866E9 /* ObservableText.swift in Sources */,
			);
			runOnlyForDeploymentPostprocessing = 0;
		};
		52326EC924F7F4AA008866E9 /* Sources */ = {
			isa = PBXSourcesBuildPhase;
			buildActionMask = 2147483647;
			files = (
				52326ED324F7F4AA008866E9 /* VanguardTests.swift in Sources */,
			);
			runOnlyForDeploymentPostprocessing = 0;
		};
/* End PBXSourcesBuildPhase section */

/* Begin PBXTargetDependency section */
		52326ED024F7F4AA008866E9 /* PBXTargetDependency */ = {
			isa = PBXTargetDependency;
			target = 52326EC324F7F4AA008866E9 /* Vanguard */;
			targetProxy = 52326ECF24F7F4AA008866E9 /* PBXContainerItemProxy */;
		};
/* End PBXTargetDependency section */

/* Begin XCBuildConfiguration section */
		52326ED624F7F4AA008866E9 /* Debug */ = {
			isa = XCBuildConfiguration;
			buildSettings = {
				ALWAYS_SEARCH_USER_PATHS = NO;
				CLANG_ANALYZER_NONNULL = YES;
				CLANG_ANALYZER_NUMBER_OBJECT_CONVERSION = YES_AGGRESSIVE;
				CLANG_CXX_LANGUAGE_STANDARD = "gnu++14";
				CLANG_CXX_LIBRARY = "libc++";
				CLANG_ENABLE_MODULES = YES;
				CLANG_ENABLE_OBJC_ARC = YES;
				CLANG_ENABLE_OBJC_WEAK = YES;
				CLANG_WARN_BLOCK_CAPTURE_AUTORELEASING = YES;
				CLANG_WARN_BOOL_CONVERSION = YES;
				CLANG_WARN_COMMA = YES;
				CLANG_WARN_CONSTANT_CONVERSION = YES;
				CLANG_WARN_DEPRECATED_OBJC_IMPLEMENTATIONS = YES;
				CLANG_WARN_DIRECT_OBJC_ISA_USAGE = YES_ERROR;
				CLANG_WARN_DOCUMENTATION_COMMENTS = YES;
				CLANG_WARN_EMPTY_BODY = YES;
				CLANG_WARN_ENUM_CONVERSION = YES;
				CLANG_WARN_INFINITE_RECURSION = YES;
				CLANG_WARN_INT_CONVERSION = YES;
				CLANG_WARN_NON_LITERAL_NULL_CONVERSION = YES;
				CLANG_WARN_OBJC_IMPLICIT_RETAIN_SELF = YES;
				CLANG_WARN_OBJC_LITERAL_CONVERSION = YES;
				CLANG_WARN_OBJC_ROOT_CLASS = YES_ERROR;
				CLANG_WARN_RANGE_LOOP_ANALYSIS = YES;
				CLANG_WARN_STRICT_PROTOTYPES = YES;
				CLANG_WARN_SUSPICIOUS_MOVE = YES;
				CLANG_WARN_UNGUARDED_AVAILABILITY = YES_AGGRESSIVE;
				CLANG_WARN_UNREACHABLE_CODE = YES;
				CLANG_WARN__DUPLICATE_METHOD_MATCH = YES;
				COPY_PHASE_STRIP = NO;
				CURRENT_PROJECT_VERSION = 1;
				DEBUG_INFORMATION_FORMAT = dwarf;
				ENABLE_STRICT_OBJC_MSGSEND = YES;
				ENABLE_TESTABILITY = YES;
				GCC_C_LANGUAGE_STANDARD = gnu11;
				GCC_DYNAMIC_NO_PIC = NO;
				GCC_NO_COMMON_BLOCKS = YES;
				GCC_OPTIMIZATION_LEVEL = 0;
				GCC_PREPROCESSOR_DEFINITIONS = (
					"DEBUG=1",
					"$(inherited)",
				);
				GCC_WARN_64_TO_32_BIT_CONVERSION = YES;
				GCC_WARN_ABOUT_RETURN_TYPE = YES_ERROR;
				GCC_WARN_UNDECLARED_SELECTOR = YES;
				GCC_WARN_UNINITIALIZED_AUTOS = YES_AGGRESSIVE;
				GCC_WARN_UNUSED_FUNCTION = YES;
				GCC_WARN_UNUSED_VARIABLE = YES;
				IPHONEOS_DEPLOYMENT_TARGET = 13.5;
				MTL_ENABLE_DEBUG_INFO = INCLUDE_SOURCE;
				MTL_FAST_MATH = YES;
				ONLY_ACTIVE_ARCH = YES;
				SDKROOT = iphoneos;
				SWIFT_ACTIVE_COMPILATION_CONDITIONS = DEBUG;
				SWIFT_OPTIMIZATION_LEVEL = "-Onone";
				VERSIONING_SYSTEM = "apple-generic";
				VERSION_INFO_PREFIX = "";
			};
			name = Debug;
		};
		52326ED724F7F4AA008866E9 /* Release */ = {
			isa = XCBuildConfiguration;
			buildSettings = {
				ALWAYS_SEARCH_USER_PATHS = NO;
				CLANG_ANALYZER_NONNULL = YES;
				CLANG_ANALYZER_NUMBER_OBJECT_CONVERSION = YES_AGGRESSIVE;
				CLANG_CXX_LANGUAGE_STANDARD = "gnu++14";
				CLANG_CXX_LIBRARY = "libc++";
				CLANG_ENABLE_MODULES = YES;
				CLANG_ENABLE_OBJC_ARC = YES;
				CLANG_ENABLE_OBJC_WEAK = YES;
				CLANG_WARN_BLOCK_CAPTURE_AUTORELEASING = YES;
				CLANG_WARN_BOOL_CONVERSION = YES;
				CLANG_WARN_COMMA = YES;
				CLANG_WARN_CONSTANT_CONVERSION = YES;
				CLANG_WARN_DEPRECATED_OBJC_IMPLEMENTATIONS = YES;
				CLANG_WARN_DIRECT_OBJC_ISA_USAGE = YES_ERROR;
				CLANG_WARN_DOCUMENTATION_COMMENTS = YES;
				CLANG_WARN_EMPTY_BODY = YES;
				CLANG_WARN_ENUM_CONVERSION = YES;
				CLANG_WARN_INFINITE_RECURSION = YES;
				CLANG_WARN_INT_CONVERSION = YES;
				CLANG_WARN_NON_LITERAL_NULL_CONVERSION = YES;
				CLANG_WARN_OBJC_IMPLICIT_RETAIN_SELF = YES;
				CLANG_WARN_OBJC_LITERAL_CONVERSION = YES;
				CLANG_WARN_OBJC_ROOT_CLASS = YES_ERROR;
				CLANG_WARN_RANGE_LOOP_ANALYSIS = YES;
				CLANG_WARN_STRICT_PROTOTYPES = YES;
				CLANG_WARN_SUSPICIOUS_MOVE = YES;
				CLANG_WARN_UNGUARDED_AVAILABILITY = YES_AGGRESSIVE;
				CLANG_WARN_UNREACHABLE_CODE = YES;
				CLANG_WARN__DUPLICATE_METHOD_MATCH = YES;
				COPY_PHASE_STRIP = NO;
				CURRENT_PROJECT_VERSION = 1;
				DEBUG_INFORMATION_FORMAT = "dwarf-with-dsym";
				ENABLE_NS_ASSERTIONS = NO;
				ENABLE_STRICT_OBJC_MSGSEND = YES;
				GCC_C_LANGUAGE_STANDARD = gnu11;
				GCC_NO_COMMON_BLOCKS = YES;
				GCC_WARN_64_TO_32_BIT_CONVERSION = YES;
				GCC_WARN_ABOUT_RETURN_TYPE = YES_ERROR;
				GCC_WARN_UNDECLARED_SELECTOR = YES;
				GCC_WARN_UNINITIALIZED_AUTOS = YES_AGGRESSIVE;
				GCC_WARN_UNUSED_FUNCTION = YES;
				GCC_WARN_UNUSED_VARIABLE = YES;
				IPHONEOS_DEPLOYMENT_TARGET = 13.5;
				MTL_ENABLE_DEBUG_INFO = NO;
				MTL_FAST_MATH = YES;
				SDKROOT = iphoneos;
				SWIFT_COMPILATION_MODE = wholemodule;
				SWIFT_OPTIMIZATION_LEVEL = "-O";
				VALIDATE_PRODUCT = YES;
				VERSIONING_SYSTEM = "apple-generic";
				VERSION_INFO_PREFIX = "";
			};
			name = Release;
		};
		52326ED924F7F4AA008866E9 /* Debug */ = {
			isa = XCBuildConfiguration;
			baseConfigurationReference = F96494DD6EF75D8FB29298BA /* Pods-Vanguard.debug.xcconfig */;
			buildSettings = {
				CLANG_ENABLE_MODULES = YES;
				CODE_SIGN_STYLE = Automatic;
				DEFINES_MODULE = YES;
				DEVELOPMENT_TEAM = 3TBU9F2Z7H;
				DYLIB_COMPATIBILITY_VERSION = 1;
				DYLIB_CURRENT_VERSION = 1;
				DYLIB_INSTALL_NAME_BASE = "@rpath";
				INFOPLIST_FILE = Vanguard/Info.plist;
				INSTALL_PATH = "$(LOCAL_LIBRARY_DIR)/Frameworks";
				LD_RUNPATH_SEARCH_PATHS = (
					"$(inherited)",
					"@executable_path/Frameworks",
					"@loader_path/Frameworks",
				);
				PRODUCT_BUNDLE_IDENTIFIER = com.baianat.Vanguard;
				PRODUCT_NAME = "$(TARGET_NAME:c99extidentifier)";
				SKIP_INSTALL = YES;
				SWIFT_OPTIMIZATION_LEVEL = "-Onone";
				SWIFT_VERSION = 5.0;
				TARGETED_DEVICE_FAMILY = "1,2";
			};
			name = Debug;
		};
		52326EDA24F7F4AA008866E9 /* Release */ = {
			isa = XCBuildConfiguration;
			baseConfigurationReference = 65279F7CFE37C1FE5C2A6E6E /* Pods-Vanguard.release.xcconfig */;
			buildSettings = {
				CLANG_ENABLE_MODULES = YES;
				CODE_SIGN_STYLE = Automatic;
				DEFINES_MODULE = YES;
				DEVELOPMENT_TEAM = 3TBU9F2Z7H;
				DYLIB_COMPATIBILITY_VERSION = 1;
				DYLIB_CURRENT_VERSION = 1;
				DYLIB_INSTALL_NAME_BASE = "@rpath";
				INFOPLIST_FILE = Vanguard/Info.plist;
				INSTALL_PATH = "$(LOCAL_LIBRARY_DIR)/Frameworks";
				LD_RUNPATH_SEARCH_PATHS = (
					"$(inherited)",
					"@executable_path/Frameworks",
					"@loader_path/Frameworks",
				);
				PRODUCT_BUNDLE_IDENTIFIER = com.baianat.Vanguard;
				PRODUCT_NAME = "$(TARGET_NAME:c99extidentifier)";
				SKIP_INSTALL = YES;
				SWIFT_VERSION = 5.0;
				TARGETED_DEVICE_FAMILY = "1,2";
			};
			name = Release;
		};
		52326EDC24F7F4AA008866E9 /* Debug */ = {
			isa = XCBuildConfiguration;
			baseConfigurationReference = 8EA389FA8EEA365523F50015 /* Pods-Vanguard-VanguardTests.debug.xcconfig */;
			buildSettings = {
				ALWAYS_EMBED_SWIFT_STANDARD_LIBRARIES = YES;
				CODE_SIGN_STYLE = Automatic;
				DEVELOPMENT_TEAM = 3TBU9F2Z7H;
				INFOPLIST_FILE = VanguardTests/Info.plist;
				LD_RUNPATH_SEARCH_PATHS = (
					"$(inherited)",
					"@executable_path/Frameworks",
					"@loader_path/Frameworks",
				);
				PRODUCT_BUNDLE_IDENTIFIER = com.baianat.VanguardTests;
				PRODUCT_NAME = "$(TARGET_NAME)";
				SWIFT_VERSION = 5.0;
				TARGETED_DEVICE_FAMILY = "1,2";
			};
			name = Debug;
		};
		52326EDD24F7F4AA008866E9 /* Release */ = {
			isa = XCBuildConfiguration;
			baseConfigurationReference = F0CB355F350EDC45343958BB /* Pods-Vanguard-VanguardTests.release.xcconfig */;
			buildSettings = {
				ALWAYS_EMBED_SWIFT_STANDARD_LIBRARIES = YES;
				CODE_SIGN_STYLE = Automatic;
				DEVELOPMENT_TEAM = 3TBU9F2Z7H;
				INFOPLIST_FILE = VanguardTests/Info.plist;
				LD_RUNPATH_SEARCH_PATHS = (
					"$(inherited)",
					"@executable_path/Frameworks",
					"@loader_path/Frameworks",
				);
				PRODUCT_BUNDLE_IDENTIFIER = com.baianat.VanguardTests;
				PRODUCT_NAME = "$(TARGET_NAME)";
				SWIFT_VERSION = 5.0;
				TARGETED_DEVICE_FAMILY = "1,2";
			};
			name = Release;
		};
/* End XCBuildConfiguration section */

/* Begin XCConfigurationList section */
		52326EBE24F7F4AA008866E9 /* Build configuration list for PBXProject "Vanguard" */ = {
			isa = XCConfigurationList;
			buildConfigurations = (
				52326ED624F7F4AA008866E9 /* Debug */,
				52326ED724F7F4AA008866E9 /* Release */,
			);
			defaultConfigurationIsVisible = 0;
			defaultConfigurationName = Release;
		};
		52326ED824F7F4AA008866E9 /* Build configuration list for PBXNativeTarget "Vanguard" */ = {
			isa = XCConfigurationList;
			buildConfigurations = (
				52326ED924F7F4AA008866E9 /* Debug */,
				52326EDA24F7F4AA008866E9 /* Release */,
			);
			defaultConfigurationIsVisible = 0;
			defaultConfigurationName = Release;
		};
		52326EDB24F7F4AA008866E9 /* Build configuration list for PBXNativeTarget "VanguardTests" */ = {
			isa = XCConfigurationList;
			buildConfigurations = (
				52326EDC24F7F4AA008866E9 /* Debug */,
				52326EDD24F7F4AA008866E9 /* Release */,
			);
			defaultConfigurationIsVisible = 0;
			defaultConfigurationName = Release;
		};
/* End XCConfigurationList section */
	};
	rootObject = 52326EBB24F7F4AA008866E9 /* Project object */;
}
